
Microsoft Visual Studio Solution File, Format Version 12.00
# Visual Studio 2012
Project("{FAE04EC0-301F-11D3-BF4B-00C04F79EFBC}") = "Company.Net.Protocols.WhoIs", "Company.Net.Protocols.WhoIs\Company.Net.Protocols.WhoIs.csproj", "{C7303FD3-FFA8-41D8-9F75-BD1FA93E6BE1}"
EndProject
Project("{FAE04EC0-301F-11D3-BF4B-00C04F79EFBC}") = "TestConsoleApplication", "TestConsoleApplication\TestConsoleApplication.csproj", "{087CF8AF-D970-4DF5-AE74-0B5CE8E5E86A}"
EndProject
Global
	GlobalSection(SolutionConfigurationPlatforms) = preSolution
		Debug|Any CPU = Debug|Any CPU
		Release|Any CPU = Release|Any CPU
	EndGlobalSection
	GlobalSection(ProjectConfigurationPlatforms) = postSolution
		{C7303FD3-FFA8-41D8-9F75-BD1FA93E6BE1}.Debug|Any CPU.ActiveCfg = Debug|Any CPU
		{C7303FD3-FFA8-41D8-9F75-BD1FA93E6BE1}.Debug|Any CPU.Build.0 = Debug|Any CPU
		{C7303FD3-FFA8-41D8-9F75-BD1FA93E6BE1}.Release|Any CPU.ActiveCfg = Release|Any CPU
		{C7303FD3-FFA8-41D8-9F75-BD1FA93E6BE1}.Release|Any CPU.Build.0 = Release|Any CPU
		{087CF8AF-D970-4DF5-AE74-0B5CE8E5E86A}.Debug|Any CPU.ActiveCfg = Debug|Any CPU
		{087CF8AF-D970-4DF5-AE74-0B5CE8E5E86A}.Debug|Any CPU.Build.0 = Debug|Any CPU
		{087CF8AF-D970-4DF5-AE74-0B5CE8E5E86A}.Release|Any CPU.ActiveCfg = Release|Any CPU
		{087CF8AF-D970-4DF5-AE74-0B5CE8E5E86A}.Release|Any CPU.Build.0 = Release|Any CPU
	EndGlobalSection
	GlobalSection(SolutionProperties) = preSolution
		HideSolutionNode = FALSE
	EndGlobalSection
EndGlobal
